
Microsoft Visual Studio Solution File, Format Version 12.00
# Visual Studio Version 16
VisualStudioVersion = 16.0.33328.57
MinimumVisualStudioVersion = 10.0.40219.1
Project("{FAE04EC0-301F-11D3-BF4B-00C04F79EFBC}") = "clinica_bravo", "clinica_bravo\clinica_bravo.csproj", "{23196F34-506E-4E47-809B-63C49AAC9414}"
EndProject
Global
	GlobalSection(SolutionConfigurationPlatforms) = preSolution
		Debug|Any CPU = Debug|Any CPU
		Release|Any CPU = Release|Any CPU
	EndGlobalSection
	GlobalSection(ProjectConfigurationPlatforms) = postSolution
		{23196F34-506E-4E47-809B-63C49AAC9414}.Debug|Any CPU.ActiveCfg = Debug|Any CPU
		{23196F34-506E-4E47-809B-63C49AAC9414}.Debug|Any CPU.Build.0 = Debug|Any CPU
		{23196F34-506E-4E47-809B-63C49AAC9414}.Release|Any CPU.ActiveCfg = Release|Any CPU
		{23196F34-506E-4E47-809B-63C49AAC9414}.Release|Any CPU.Build.0 = Release|Any CPU
	EndGlobalSection
	GlobalSection(SolutionProperties) = preSolution
		HideSolutionNode = FALSE
	EndGlobalSection
	GlobalSection(ExtensibilityGlobals) = postSolution
		SolutionGuid = {62DEFE94-7808-4C69-A0A0-3A624F22B651}
	EndGlobalSection
EndGlobal
